# THIS IS AN AUTOGENERATED FILE. DO NOT EDIT THIS FILE DIRECTLY.
# yarn lockfile v1


"@babel/runtime@^7.14.5", "@babel/runtime@^7.14.6", "@babel/runtime@^7.17.2":
  version "7.28.4"
  resolved "https://registry.yarnpkg.com/@babel/runtime/-/runtime-7.28.4.tgz#a70226016fabe25c5783b2f22d3e1c9bc5ca3326"
  integrity sha512-Q/N6JNWvIvPnLDvjlE1OUBLPQHH6l3CltCEsHIujp45zQUSSh8K+gHnaEX45yAT1nyngnINhvWtzN+Nb9D8RAQ==

html-parse-stringify@^3.0.1:
  version "3.0.1"
  resolved "https://registry.yarnpkg.com/html-parse-stringify/-/html-parse-stringify-3.0.1.tgz#dfc1017347ce9f77c8141a507f233040c59c55d2"
  integrity sha512-KknJ50kTInJ7qIScF3jeaFRpMpE8/lfiTdzf/twXyPBLAGrLRTmkz3AdTnKeh40X8k9L2fdYwEp/42WGXIRGcg==
  dependencies:
    void-elements "3.1.0"

i18next-browser-languagedetector@6.1.2:
  version "6.1.2"
  resolved "https://registry.yarnpkg.com/i18next-browser-languagedetector/-/i18next-browser-languagedetector-6.1.2.tgz#68565a28b929cbc98ab6a56826ef2faf0e927ff8"
  integrity sha512-YDzIGHhMRvr7M+c8B3EQUKyiMBhfqox4o1qkFvt4QXuu5V2cxf74+NCr+VEkUuU0y+RwcupA238eeolW1Yn80g==
  dependencies:
    "@babel/runtime" "^7.14.6"

i18next@21.9.2:
  version "21.9.2"
  resolved "https://registry.yarnpkg.com/i18next/-/i18next-21.9.2.tgz#3f7c5594393eb27117c1db4c38f5ec766e68de0e"
  integrity sha512-00fVrLQOwy45nm3OtC9l1WiLK3nJlIYSljgCt0qzTaAy65aciMdRy9GsuW+a2AtKtdg9/njUGfRH30LRupV7ZQ==
  dependencies:
    "@babel/runtime" "^7.17.2"

react-i18next@11.18.5:
  version "11.18.5"
  resolved "https://registry.yarnpkg.com/react-i18next/-/react-i18next-11.18.5.tgz#985e87bc66ed1316381b464a4ecfd35a2c951357"
  integrity sha512-cKcyuuzIv0YUZ4l9WORflVNuhISPAqQShOAsxwFyYuJoCA7HlLmHm7XnvO6hfAGmGpDNRhJHoBX8hG49Cb2xZQ==
  dependencies:
    "@babel/runtime" "^7.14.5"
    html-parse-stringify "^3.0.1"

void-elements@3.1.0:
  version "3.1.0"
  resolved "https://registry.yarnpkg.com/void-elements/-/void-elements-3.1.0.tgz#614f7fbf8d801f0bb5f0661f5b2f5785750e4f09"
  integrity sha512-Dhxzh5HZuiHQhbvTW9AMetFfBHDMYpo23Uo9btPXgdYP+3T5S+p+jgNy7spra+veYhBP2dCSgxR/i2Y02h5/6w==
